
Microsoft Visual Studio Solution File, Format Version 12.00
# Visual Studio Version 16
VisualStudioVersion = 16.0.31729.503
MinimumVisualStudioVersion = 10.0.40219.1
Project("{FAE04EC0-301F-11D3-BF4B-00C04F79EFBC}") = "Stomatology", "Stomatology\Stomatology.csproj", "{1777A66E-A787-4C2F-8407-8278313B447B}"
EndProject
Global
	GlobalSection(SolutionConfigurationPlatforms) = preSolution
		Debug|Any CPU = Debug|Any CPU
		Release|Any CPU = Release|Any CPU
	EndGlobalSection
	GlobalSection(ProjectConfigurationPlatforms) = postSolution
		{1777A66E-A787-4C2F-8407-8278313B447B}.Debug|Any CPU.ActiveCfg = Debug|Any CPU
		{1777A66E-A787-4C2F-8407-8278313B447B}.Debug|Any CPU.Build.0 = Debug|Any CPU
		{1777A66E-A787-4C2F-8407-8278313B447B}.Release|Any CPU.ActiveCfg = Release|Any CPU
		{1777A66E-A787-4C2F-8407-8278313B447B}.Release|Any CPU.Build.0 = Release|Any CPU
	EndGlobalSection
	GlobalSection(SolutionProperties) = preSolution
		HideSolutionNode = FALSE
	EndGlobalSection
	GlobalSection(ExtensibilityGlobals) = postSolution
		SolutionGuid = {88C23EB7-8AD3-4CFB-98B0-B8D4CCA5AB4F}
	EndGlobalSection
EndGlobal
